{
  "name": "epub-parse",
  "version": "0.0.1",
  "lockfileVersion": 1,
  "requires": true,
  "dependencies": {
    "resolve-pathname": {
      "version": "2.2.0",
      "resolved": "https://registry.npmjs.org/resolve-pathname/-/resolve-pathname-2.2.0.tgz",
      "integrity": "sha512-bAFz9ld18RzJfddgrO2e/0S2O81710++chRMUxHjXOYKF6jTAMrUNZrEZ1PvV0zlhfjidm08iRPdTLPno1FuRg=="
    },
    "x2js": {
      "version": "3.2.1",
      "resolved": "https://registry.npmjs.org/x2js/-/x2js-3.2.1.tgz",
      "integrity": "sha512-+6gQGmMKbAHmapedjI/r+cPQNdFqQ0OE1VJvv3A6GPVlEJAsFq9JyNVgfwgnceMiUtpt38VOUEtEF7S3SxZkMQ==",
      "requires": {
        "xmldom": "^0.1.19"
      }
    },
    "xmldom": {
      "version": "0.1.27",
      "resolved": "https://registry.npmjs.org/xmldom/-/xmldom-0.1.27.tgz",
      "integrity": "sha1-1QH5ezvbQDr4757MIFcxh6rawOk="
    }
  }
}